
Microsoft Visual Studio Solution File, Format Version 12.00
# Visual Studio Version 17
VisualStudioVersion = 17.8.34330.188
MinimumVisualStudioVersion = 10.0.40219.1
Project("{FAE04EC0-301F-11D3-BF4B-00C04F79EFBC}") = "Pronia.DAL", "Pronia.DAL\Pronia.DAL.csproj", "{794CEA9C-0A3A-48B0-B18A-E82BBC556421}"
EndProject
Project("{FAE04EC0-301F-11D3-BF4B-00C04F79EFBC}") = "Pronia.MVC", "Pronia.MVC\Pronia.MVC.csproj", "{1AB09467-9140-44BB-8F38-99F640F311A7}"
EndProject
Project("{FAE04EC0-301F-11D3-BF4B-00C04F79EFBC}") = "Pronia.Core", "Pronia.Core\Pronia.Core.csproj", "{898B94A0-0886-4A5D-98D2-297531441FBF}"
EndProject
Project("{FAE04EC0-301F-11D3-BF4B-00C04F79EFBC}") = "Pronia.Business", "Pronia.Business\Pronia.Business.csproj", "{18EFEFCD-BE5B-4894-AB98-C7F8CB2E13B5}"
EndProject
Global
	GlobalSection(SolutionConfigurationPlatforms) = preSolution
		Debug|Any CPU = Debug|Any CPU
		Release|Any CPU = Release|Any CPU
	EndGlobalSection
	GlobalSection(ProjectConfigurationPlatforms) = postSolution
		{794CEA9C-0A3A-48B0-B18A-E82BBC556421}.Debug|Any CPU.ActiveCfg = Debug|Any CPU
		{794CEA9C-0A3A-48B0-B18A-E82BBC556421}.Debug|Any CPU.Build.0 = Debug|Any CPU
		{794CEA9C-0A3A-48B0-B18A-E82BBC556421}.Release|Any CPU.ActiveCfg = Release|Any CPU
		{794CEA9C-0A3A-48B0-B18A-E82BBC556421}.Release|Any CPU.Build.0 = Release|Any CPU
		{1AB09467-9140-44BB-8F38-99F640F311A7}.Debug|Any CPU.ActiveCfg = Debug|Any CPU
		{1AB09467-9140-44BB-8F38-99F640F311A7}.Debug|Any CPU.Build.0 = Debug|Any CPU
		{1AB09467-9140-44BB-8F38-99F640F311A7}.Release|Any CPU.ActiveCfg = Release|Any CPU
		{1AB09467-9140-44BB-8F38-99F640F311A7}.Release|Any CPU.Build.0 = Release|Any CPU
		{898B94A0-0886-4A5D-98D2-297531441FBF}.Debug|Any CPU.ActiveCfg = Debug|Any CPU
		{898B94A0-0886-4A5D-98D2-297531441FBF}.Debug|Any CPU.Build.0 = Debug|Any CPU
		{898B94A0-0886-4A5D-98D2-297531441FBF}.Release|Any CPU.ActiveCfg = Release|Any CPU
		{898B94A0-0886-4A5D-98D2-297531441FBF}.Release|Any CPU.Build.0 = Release|Any CPU
		{18EFEFCD-BE5B-4894-AB98-C7F8CB2E13B5}.Debug|Any CPU.ActiveCfg = Debug|Any CPU
		{18EFEFCD-BE5B-4894-AB98-C7F8CB2E13B5}.Debug|Any CPU.Build.0 = Debug|Any CPU
		{18EFEFCD-BE5B-4894-AB98-C7F8CB2E13B5}.Release|Any CPU.ActiveCfg = Release|Any CPU
		{18EFEFCD-BE5B-4894-AB98-C7F8CB2E13B5}.Release|Any CPU.Build.0 = Release|Any CPU
	EndGlobalSection
	GlobalSection(SolutionProperties) = preSolution
		HideSolutionNode = FALSE
	EndGlobalSection
	GlobalSection(ExtensibilityGlobals) = postSolution
		SolutionGuid = {591C9F49-CAD1-43B4-89B2-806489BE49DF}
	EndGlobalSection
EndGlobal
